// !$*UTF8*$!
{
	archiveVersion = 1;
	classes = {
	};
	objectVersion = 56;
	objects = {

/* Begin PBXBuildFile section */
		8D66C1402A7790AB00BCCF0F /* UbersnapChallengeApp.swift in Sources */ = {isa = PBXBuildFile; fileRef = 8D66C13F2A7790AB00BCCF0F /* UbersnapChallengeApp.swift */; };
		8D66C1442A7790AD00BCCF0F /* Assets.xcassets in Resources */ = {isa = PBXBuildFile; fileRef = 8D66C1432A7790AD00BCCF0F /* Assets.xcassets */; };
		8D66C1472A7790AD00BCCF0F /* Preview Assets.xcassets in Resources */ = {isa = PBXBuildFile; fileRef = 8D66C1462A7790AD00BCCF0F /* Preview Assets.xcassets */; };
		8DDBA0622A77C6FF00DCB670 /* TodoData.xcdatamodeld in Sources */ = {isa = PBXBuildFile; fileRef = 8DDBA0602A77C6FF00DCB670 /* TodoData.xcdatamodeld */; };
		8DDBA0652A77C82700DCB670 /* TodoViewModel.swift in Sources */ = {isa = PBXBuildFile; fileRef = 8DDBA0642A77C82700DCB670 /* TodoViewModel.swift */; };
		8DDBA0682A77CA9C00DCB670 /* TodoView.swift in Sources */ = {isa = PBXBuildFile; fileRef = 8DDBA0672A77CA9C00DCB670 /* TodoView.swift */; };
		8DDBA06B2A77D46800DCB670 /* TaskCardView.swift in Sources */ = {isa = PBXBuildFile; fileRef = 8DDBA06A2A77D46800DCB670 /* TaskCardView.swift */; };
		8DDBA06D2A77D94600DCB670 /* AddTaskView.swift in Sources */ = {isa = PBXBuildFile; fileRef = 8DDBA06C2A77D94600DCB670 /* AddTaskView.swift */; };
		8DDBA06F2A77E2D200DCB670 /* EditTaskView.swift in Sources */ = {isa = PBXBuildFile; fileRef = 8DDBA06E2A77E2D200DCB670 /* EditTaskView.swift */; };
/* End PBXBuildFile section */

/* Begin PBXFileReference section */
		8D66C13C2A7790AB00BCCF0F /* UbersnapChallenge.app */ = {isa = PBXFileReference; explicitFileType = wrapper.application; includeInIndex = 0; path = UbersnapChallenge.app; sourceTree = BUILT_PRODUCTS_DIR; };
		8D66C13F2A7790AB00BCCF0F /* UbersnapChallengeApp.swift */ = {isa = PBXFileReference; lastKnownFileType = sourcecode.swift; path = UbersnapChallengeApp.swift; sourceTree = "<group>"; };
		8D66C1432A7790AD00BCCF0F /* Assets.xcassets */ = {isa = PBXFileReference; lastKnownFileType = folder.assetcatalog; path = Assets.xcassets; sourceTree = "<group>"; };
		8D66C1462A7790AD00BCCF0F /* Preview Assets.xcassets */ = {isa = PBXFileReference; lastKnownFileType = folder.assetcatalog; path = "Preview Assets.xcassets"; sourceTree = "<group>"; };
		8DDBA0612A77C6FF00DCB670 /* TodoData.xcdatamodel */ = {isa = PBXFileReference; lastKnownFileType = wrapper.xcdatamodel; path = TodoData.xcdatamodel; sourceTree = "<group>"; };
		8DDBA0642A77C82700DCB670 /* TodoViewModel.swift */ = {isa = PBXFileReference; lastKnownFileType = sourcecode.swift; path = TodoViewModel.swift; sourceTree = "<group>"; };
		8DDBA0672A77CA9C00DCB670 /* TodoView.swift */ = {isa = PBXFileReference; lastKnownFileType = sourcecode.swift; path = TodoView.swift; sourceTree = "<group>"; };
		8DDBA06A2A77D46800DCB670 /* TaskCardView.swift */ = {isa = PBXFileReference; lastKnownFileType = sourcecode.swift; path = TaskCardView.swift; sourceTree = "<group>"; };
		8DDBA06C2A77D94600DCB670 /* AddTaskView.swift */ = {isa = PBXFileReference; lastKnownFileType = sourcecode.swift; path = AddTaskView.swift; sourceTree = "<group>"; };
		8DDBA06E2A77E2D200DCB670 /* EditTaskView.swift */ = {isa = PBXFileReference; lastKnownFileType = sourcecode.swift; path = EditTaskView.swift; sourceTree = "<group>"; };
/* End PBXFileReference section */

/* Begin PBXFrameworksBuildPhase section */
		8D66C1392A7790AB00BCCF0F /* Frameworks */ = {
			isa = PBXFrameworksBuildPhase;
			buildActionMask = 2147483647;
			files = (
			);
			runOnlyForDeploymentPostprocessing = 0;
		};
/* End PBXFrameworksBuildPhase section */

/* Begin PBXGroup section */
		8D66C1332A7790AB00BCCF0F = {
			isa = PBXGroup;
			children = (
				8D66C13E2A7790AB00BCCF0F /* UbersnapChallenge */,
				8D66C13D2A7790AB00BCCF0F /* Products */,
			);
			sourceTree = "<group>";
		};
		8D66C13D2A7790AB00BCCF0F /* Products */ = {
			isa = PBXGroup;
			children = (
				8D66C13C2A7790AB00BCCF0F /* UbersnapChallenge.app */,
			);
			name = Products;
			sourceTree = "<group>";
		};
		8D66C13E2A7790AB00BCCF0F /* UbersnapChallenge */ = {
			isa = PBXGroup;
			children = (
				8DDBA05F2A77C6CD00DCB670 /* Model */,
				8DDBA0632A77C81500DCB670 /* ViewModel */,
				8DDBA0662A77CA8900DCB670 /* View */,
				8D66C13F2A7790AB00BCCF0F /* UbersnapChallengeApp.swift */,
				8D66C1432A7790AD00BCCF0F /* Assets.xcassets */,
				8D66C1452A7790AD00BCCF0F /* Preview Content */,
			);
			path = UbersnapChallenge;
			sourceTree = "<group>";
		};
		8D66C1452A7790AD00BCCF0F /* Preview Content */ = {
			isa = PBXGroup;
			children = (
				8D66C1462A7790AD00BCCF0F /* Preview Assets.xcassets */,
			);
			path = "Preview Content";
			sourceTree = "<group>";
		};
		8DDBA05F2A77C6CD00DCB670 /* Model */ = {
			isa = PBXGroup;
			children = (
				8DDBA0602A77C6FF00DCB670 /* TodoData.xcdatamodeld */,
			);
			path = Model;
			sourceTree = "<group>";
		};
		8DDBA0632A77C81500DCB670 /* ViewModel */ = {
			isa = PBXGroup;
			children = (
				8DDBA0642A77C82700DCB670 /* TodoViewModel.swift */,
			);
			path = ViewModel;
			sourceTree = "<group>";
		};
		8DDBA0662A77CA8900DCB670 /* View */ = {
			isa = PBXGroup;
			children = (
				8DDBA0692A77D45F00DCB670 /* Components */,
				8DDBA0672A77CA9C00DCB670 /* TodoView.swift */,
				8DDBA06C2A77D94600DCB670 /* AddTaskView.swift */,
				8DDBA06E2A77E2D200DCB670 /* EditTaskView.swift */,
			);
			path = View;
			sourceTree = "<group>";
		};
		8DDBA0692A77D45F00DCB670 /* Components */ = {
			isa = PBXGroup;
			children = (
				8DDBA06A2A77D46800DCB670 /* TaskCardView.swift */,
			);
			path = Components;
			sourceTree = "<group>";
		};
/* End PBXGroup section */

/* Begin PBXNativeTarget section */
		8D66C13B2A7790AB00BCCF0F /* UbersnapChallenge */ = {
			isa = PBXNativeTarget;
			buildConfigurationList = 8D66C14A2A7790AD00BCCF0F /* Build configuration list for PBXNativeTarget "UbersnapChallenge" */;
			buildPhases = (
				8D66C1382A7790AB00BCCF0F /* Sources */,
				8D66C1392A7790AB00BCCF0F /* Frameworks */,
				8D66C13A2A7790AB00BCCF0F /* Resources */,
			);
			buildRules = (
			);
			dependencies = (
			);
			name = UbersnapChallenge;
			productName = UbersnapChallenge;
			productReference = 8D66C13C2A7790AB00BCCF0F /* UbersnapChallenge.app */;
			productType = "com.apple.product-type.application";
		};
/* End PBXNativeTarget section */

/* Begin PBXProject section */
		8D66C1342A7790AB00BCCF0F /* Project object */ = {
			isa = PBXProject;
			attributes = {
				BuildIndependentTargetsInParallel = 1;
				LastSwiftUpdateCheck = 1430;
				LastUpgradeCheck = 1430;
				TargetAttributes = {
					8D66C13B2A7790AB00BCCF0F = {
						CreatedOnToolsVersion = 14.3.1;
					};
				};
			};
			buildConfigurationList = 8D66C1372A7790AB00BCCF0F /* Build configuration list for PBXProject "UbersnapChallenge" */;
			compatibilityVersion = "Xcode 14.0";
			developmentRegion = en;
			hasScannedForEncodings = 0;
			knownRegions = (
				en,
				Base,
			);
			mainGroup = 8D66C1332A7790AB00BCCF0F;
			productRefGroup = 8D66C13D2A7790AB00BCCF0F /* Products */;
			projectDirPath = "";
			projectRoot = "";
			targets = (
				8D66C13B2A7790AB00BCCF0F /* UbersnapChallenge */,
			);
		};
/* End PBXProject section */

/* Begin PBXResourcesBuildPhase section */
		8D66C13A2A7790AB00BCCF0F /* Resources */ = {
			isa = PBXResourcesBuildPhase;
			buildActionMask = 2147483647;
			files = (
				8D66C1472A7790AD00BCCF0F /* Preview Assets.xcassets in Resources */,
				8D66C1442A7790AD00BCCF0F /* Assets.xcassets in Resources */,
			);
			runOnlyForDeploymentPostprocessing = 0;
		};
/* End PBXResourcesBuildPhase section */

/* Begin PBXSourcesBuildPhase section */
		8D66C1382A7790AB00BCCF0F /* Sources */ = {
			isa = PBXSourcesBuildPhase;
			buildActionMask = 2147483647;
			files = (
				8DDBA06B2A77D46800DCB670 /* TaskCardView.swift in Sources */,
				8DDBA0652A77C82700DCB670 /* TodoViewModel.swift in Sources */,
				8DDBA0622A77C6FF00DCB670 /* TodoData.xcdatamodeld in Sources */,
				8DDBA06F2A77E2D200DCB670 /* EditTaskView.swift in Sources */,
				8DDBA06D2A77D94600DCB670 /* AddTaskView.swift in Sources */,
				8DDBA0682A77CA9C00DCB670 /* TodoView.swift in Sources */,
				8D66C1402A7790AB00BCCF0F /* UbersnapChallengeApp.swift in Sources */,
			);
			runOnlyForDeploymentPostprocessing = 0;
		};
/* End PBXSourcesBuildPhase section */

/* Begin XCBuildConfiguration section */
		8D66C1482A7790AD00BCCF0F /* Debug */ = {
			isa = XCBuildConfiguration;
			buildSettings = {
				ALWAYS_SEARCH_USER_PATHS = NO;
				CLANG_ANALYZER_NONNULL = YES;
				CLANG_ANALYZER_NUMBER_OBJECT_CONVERSION = YES_AGGRESSIVE;
				CLANG_CXX_LANGUAGE_STANDARD = "gnu++20";
				CLANG_ENABLE_MODULES = YES;
				CLANG_ENABLE_OBJC_ARC = YES;
				CLANG_ENABLE_OBJC_WEAK = YES;
				CLANG_WARN_BLOCK_CAPTURE_AUTORELEASING = YES;
				CLANG_WARN_BOOL_CONVERSION = YES;
				CLANG_WARN_COMMA = YES;
				CLANG_WARN_CONSTANT_CONVERSION = YES;
				CLANG_WARN_DEPRECATED_OBJC_IMPLEMENTATIONS = YES;
				CLANG_WARN_DIRECT_OBJC_ISA_USAGE = YES_ERROR;
				CLANG_WARN_DOCUMENTATION_COMMENTS = YES;
				CLANG_WARN_EMPTY_BODY = YES;
				CLANG_WARN_ENUM_CONVERSION = YES;
				CLANG_WARN_INFINITE_RECURSION = YES;
				CLANG_WARN_INT_CONVERSION = YES;
				CLANG_WARN_NON_LITERAL_NULL_CONVERSION = YES;
				CLANG_WARN_OBJC_IMPLICIT_RETAIN_SELF = YES;
				CLANG_WARN_OBJC_LITERAL_CONVERSION = YES;
				CLANG_WARN_OBJC_ROOT_CLASS = YES_ERROR;
				CLANG_WARN_QUOTED_INCLUDE_IN_FRAMEWORK_HEADER = YES;
				CLANG_WARN_RANGE_LOOP_ANALYSIS = YES;
				CLANG_WARN_STRICT_PROTOTYPES = YES;
				CLANG_WARN_SUSPICIOUS_MOVE = YES;
				CLANG_WARN_UNGUARDED_AVAILABILITY = YES_AGGRESSIVE;
				CLANG_WARN_UNREACHABLE_CODE = YES;
				CLANG_WARN__DUPLICATE_METHOD_MATCH = YES;
				COPY_PHASE_STRIP = NO;
				DEBUG_INFORMATION_FORMAT = dwarf;
				ENABLE_STRICT_OBJC_MSGSEND = YES;
				ENABLE_TESTABILITY = YES;
				GCC_C_LANGUAGE_STANDARD = gnu11;
				GCC_DYNAMIC_NO_PIC = NO;
				GCC_NO_COMMON_BLOCKS = YES;
				GCC_OPTIMIZATION_LEVEL = 0;
				GCC_PREPROCESSOR_DEFINITIONS = (
					"DEBUG=1",
					"$(inherited)",
				);
				GCC_WARN_64_TO_32_BIT_CONVERSION = YES;
				GCC_WARN_ABOUT_RETURN_TYPE = YES_ERROR;
				GCC_WARN_UNDECLARED_SELECTOR = YES;
				GCC_WARN_UNINITIALIZED_AUTOS = YES_AGGRESSIVE;
				GCC_WARN_UNUSED_FUNCTION = YES;
				GCC_WARN_UNUSED_VARIABLE = YES;
				IPHONEOS_DEPLOYMENT_TARGET = 16.4;
				MTL_ENABLE_DEBUG_INFO = INCLUDE_SOURCE;
				MTL_FAST_MATH = YES;
				ONLY_ACTIVE_ARCH = YES;
				SDKROOT = iphoneos;
				SWIFT_ACTIVE_COMPILATION_CONDITIONS = DEBUG;
				SWIFT_OPTIMIZATION_LEVEL = "-Onone";
			};
			name = Debug;
		};
		8D66C1492A7790AD00BCCF0F /* Release */ = {
			isa = XCBuildConfiguration;
			buildSettings = {
				ALWAYS_SEARCH_USER_PATHS = NO;
				CLANG_ANALYZER_NONNULL = YES;
				CLANG_ANALYZER_NUMBER_OBJECT_CONVERSION = YES_AGGRESSIVE;
				CLANG_CXX_LANGUAGE_STANDARD = "gnu++20";
				CLANG_ENABLE_MODULES = YES;
				CLANG_ENABLE_OBJC_ARC = YES;
				CLANG_ENABLE_OBJC_WEAK = YES;
				CLANG_WARN_BLOCK_CAPTURE_AUTORELEASING = YES;
				CLANG_WARN_BOOL_CONVERSION = YES;
				CLANG_WARN_COMMA = YES;
				CLANG_WARN_CONSTANT_CONVERSION = YES;
				CLANG_WARN_DEPRECATED_OBJC_IMPLEMENTATIONS = YES;
				CLANG_WARN_DIRECT_OBJC_ISA_USAGE = YES_ERROR;
				CLANG_WARN_DOCUMENTATION_COMMENTS = YES;
				CLANG_WARN_EMPTY_BODY = YES;
				CLANG_WARN_ENUM_CONVERSION = YES;
				CLANG_WARN_INFINITE_RECURSION = YES;
				CLANG_WARN_INT_CONVERSION = YES;
				CLANG_WARN_NON_LITERAL_NULL_CONVERSION = YES;
				CLANG_WARN_OBJC_IMPLICIT_RETAIN_SELF = YES;
				CLANG_WARN_OBJC_LITERAL_CONVERSION = YES;
				CLANG_WARN_OBJC_ROOT_CLASS = YES_ERROR;
				CLANG_WARN_QUOTED_INCLUDE_IN_FRAMEWORK_HEADER = YES;
				CLANG_WARN_RANGE_LOOP_ANALYSIS = YES;
				CLANG_WARN_STRICT_PROTOTYPES = YES;
				CLANG_WARN_SUSPICIOUS_MOVE = YES;
				CLANG_WARN_UNGUARDED_AVAILABILITY = YES_AGGRESSIVE;
				CLANG_WARN_UNREACHABLE_CODE = YES;
				CLANG_WARN__DUPLICATE_METHOD_MATCH = YES;
				COPY_PHASE_STRIP = NO;
				DEBUG_INFORMATION_FORMAT = "dwarf-with-dsym";
				ENABLE_NS_ASSERTIONS = NO;
				ENABLE_STRICT_OBJC_MSGSEND = YES;
				GCC_C_LANGUAGE_STANDARD = gnu11;
				GCC_NO_COMMON_BLOCKS = YES;
				GCC_WARN_64_TO_32_BIT_CONVERSION = YES;
				GCC_WARN_ABOUT_RETURN_TYPE = YES_ERROR;
				GCC_WARN_UNDECLARED_SELECTOR = YES;
				GCC_WARN_UNINITIALIZED_AUTOS = YES_AGGRESSIVE;
				GCC_WARN_UNUSED_FUNCTION = YES;
				GCC_WARN_UNUSED_VARIABLE = YES;
				IPHONEOS_DEPLOYMENT_TARGET = 16.4;
				MTL_ENABLE_DEBUG_INFO = NO;
				MTL_FAST_MATH = YES;
				SDKROOT = iphoneos;
				SWIFT_COMPILATION_MODE = wholemodule;
				SWIFT_OPTIMIZATION_LEVEL = "-O";
				VALIDATE_PRODUCT = YES;
			};
			name = Release;
		};
		8D66C14B2A7790AD00BCCF0F /* Debug */ = {
			isa = XCBuildConfiguration;
			buildSettings = {
				ASSETCATALOG_COMPILER_APPICON_NAME = AppIcon;
				ASSETCATALOG_COMPILER_GLOBAL_ACCENT_COLOR_NAME = AccentColor;
				CODE_SIGN_STYLE = Automatic;
				CURRENT_PROJECT_VERSION = 1;
				DEVELOPMENT_ASSET_PATHS = "\"UbersnapChallenge/Preview Content\"";
				DEVELOPMENT_TEAM = 83FZ3J9AN9;
				ENABLE_PREVIEWS = YES;
				GENERATE_INFOPLIST_FILE = YES;
				INFOPLIST_KEY_UIApplicationSceneManifest_Generation = YES;
				INFOPLIST_KEY_UIApplicationSupportsIndirectInputEvents = YES;
				INFOPLIST_KEY_UILaunchScreen_Generation = YES;
				INFOPLIST_KEY_UISupportedInterfaceOrientations = UIInterfaceOrientationPortrait;
				LD_RUNPATH_SEARCH_PATHS = (
					"$(inherited)",
					"@executable_path/Frameworks",
				);
				MARKETING_VERSION = 1.0;
				PRODUCT_BUNDLE_IDENTIFIER = com.max.UbersnapChallenge;
				PRODUCT_NAME = "$(TARGET_NAME)";
				SUPPORTED_PLATFORMS = "iphoneos iphonesimulator";
				SUPPORTS_MACCATALYST = NO;
				SUPPORTS_MAC_DESIGNED_FOR_IPHONE_IPAD = NO;
				SWIFT_EMIT_LOC_STRINGS = YES;
				SWIFT_VERSION = 5.0;
				TARGETED_DEVICE_FAMILY = "1,2";
			};
			name = Debug;
		};
		8D66C14C2A7790AD00BCCF0F /* Release */ = {
			isa = XCBuildConfiguration;
			buildSettings = {
				ASSETCATALOG_COMPILER_APPICON_NAME = AppIcon;
				ASSETCATALOG_COMPILER_GLOBAL_ACCENT_COLOR_NAME = AccentColor;
				CODE_SIGN_STYLE = Automatic;
				CURRENT_PROJECT_VERSION = 1;
				DEVELOPMENT_ASSET_PATHS = "\"UbersnapChallenge/Preview Content\"";
				DEVELOPMENT_TEAM = 83FZ3J9AN9;
				ENABLE_PREVIEWS = YES;
				GENERATE_INFOPLIST_FILE = YES;
				INFOPLIST_KEY_UIApplicationSceneManifest_Generation = YES;
				INFOPLIST_KEY_UIApplicationSupportsIndirectInputEvents = YES;
				INFOPLIST_KEY_UILaunchScreen_Generation = YES;
				INFOPLIST_KEY_UISupportedInterfaceOrientations = UIInterfaceOrientationPortrait;
				LD_RUNPATH_SEARCH_PATHS = (
					"$(inherited)",
					"@executable_path/Frameworks",
				);
				MARKETING_VERSION = 1.0;
				PRODUCT_BUNDLE_IDENTIFIER = com.max.UbersnapChallenge;
				PRODUCT_NAME = "$(TARGET_NAME)";
				SUPPORTED_PLATFORMS = "iphoneos iphonesimulator";
				SUPPORTS_MACCATALYST = NO;
				SUPPORTS_MAC_DESIGNED_FOR_IPHONE_IPAD = NO;
				SWIFT_EMIT_LOC_STRINGS = YES;
				SWIFT_VERSION = 5.0;
				TARGETED_DEVICE_FAMILY = "1,2";
			};
			name = Release;
		};
/* End XCBuildConfiguration section */

/* Begin XCConfigurationList section */
		8D66C1372A7790AB00BCCF0F /* Build configuration list for PBXProject "UbersnapChallenge" */ = {
			isa = XCConfigurationList;
			buildConfigurations = (
				8D66C1482A7790AD00BCCF0F /* Debug */,
				8D66C1492A7790AD00BCCF0F /* Release */,
			);
			defaultConfigurationIsVisible = 0;
			defaultConfigurationName = Release;
		};
		8D66C14A2A7790AD00BCCF0F /* Build configuration list for PBXNativeTarget "UbersnapChallenge" */ = {
			isa = XCConfigurationList;
			buildConfigurations = (
				8D66C14B2A7790AD00BCCF0F /* Debug */,
				8D66C14C2A7790AD00BCCF0F /* Release */,
			);
			defaultConfigurationIsVisible = 0;
			defaultConfigurationName = Release;
		};
/* End XCConfigurationList section */

/* Begin XCVersionGroup section */
		8DDBA0602A77C6FF00DCB670 /* TodoData.xcdatamodeld */ = {
			isa = XCVersionGroup;
			children = (
				8DDBA0612A77C6FF00DCB670 /* TodoData.xcdatamodel */,
			);
			currentVersion = 8DDBA0612A77C6FF00DCB670 /* TodoData.xcdatamodel */;
			path = TodoData.xcdatamodeld;
			sourceTree = "<group>";
			versionGroupType = wrapper.xcdatamodel;
		};
/* End XCVersionGroup section */
	};
	rootObject = 8D66C1342A7790AB00BCCF0F /* Project object */;
}
